
Microsoft Visual Studio Solution File, Format Version 12.00
# Visual Studio Version 16
VisualStudioVersion = 16.0.810.19
MinimumVisualStudioVersion = 10.0.40219.1
Project("{FAE04EC0-301F-11D3-BF4B-00C04F79EFBC}") = "task2.2", "task2.2.csproj", "{D66DA279-23B8-4529-B3F7-17174A4945E9}"
EndProject
Global
	GlobalSection(SolutionConfigurationPlatforms) = preSolution
		Debug|Any CPU = Debug|Any CPU
		Release|Any CPU = Release|Any CPU
	EndGlobalSection
	GlobalSection(ProjectConfigurationPlatforms) = postSolution
		{D66DA279-23B8-4529-B3F7-17174A4945E9}.Debug|Any CPU.ActiveCfg = Debug|Any CPU
		{D66DA279-23B8-4529-B3F7-17174A4945E9}.Debug|Any CPU.Build.0 = Debug|Any CPU
		{D66DA279-23B8-4529-B3F7-17174A4945E9}.Release|Any CPU.ActiveCfg = Release|Any CPU
		{D66DA279-23B8-4529-B3F7-17174A4945E9}.Release|Any CPU.Build.0 = Release|Any CPU
	EndGlobalSection
	GlobalSection(SolutionProperties) = preSolution
		HideSolutionNode = FALSE
	EndGlobalSection
	GlobalSection(ExtensibilityGlobals) = postSolution
		SolutionGuid = {3B1FFB3C-BB15-4D4E-8598-8E3B9C356C9F}
	EndGlobalSection
EndGlobal
